
Microsoft Visual Studio Solution File, Format Version 12.00
# Visual Studio Version 16
VisualStudioVersion = 16.0.30804.86
MinimumVisualStudioVersion = 10.0.40219.1
Project("{FAE04EC0-301F-11D3-BF4B-00C04F79EFBC}") = "Multithreading HomeWork N1", "Multithreading HomeWork N1\Multithreading HomeWork N1.csproj", "{D2487BD1-D6BB-4C90-B948-F5BCF36722B0}"
EndProject
Global
	GlobalSection(SolutionConfigurationPlatforms) = preSolution
		Debug|Any CPU = Debug|Any CPU
		Release|Any CPU = Release|Any CPU
	EndGlobalSection
	GlobalSection(ProjectConfigurationPlatforms) = postSolution
		{D2487BD1-D6BB-4C90-B948-F5BCF36722B0}.Debug|Any CPU.ActiveCfg = Debug|Any CPU
		{D2487BD1-D6BB-4C90-B948-F5BCF36722B0}.Debug|Any CPU.Build.0 = Debug|Any CPU
		{D2487BD1-D6BB-4C90-B948-F5BCF36722B0}.Release|Any CPU.ActiveCfg = Release|Any CPU
		{D2487BD1-D6BB-4C90-B948-F5BCF36722B0}.Release|Any CPU.Build.0 = Release|Any CPU
	EndGlobalSection
	GlobalSection(SolutionProperties) = preSolution
		HideSolutionNode = FALSE
	EndGlobalSection
	GlobalSection(ExtensibilityGlobals) = postSolution
		SolutionGuid = {55AB9F5D-4B35-4F80-A317-3F6B80A54574}
	EndGlobalSection
EndGlobal
